
Microsoft Visual Studio Solution File, Format Version 12.00
# Visual Studio Version 16
VisualStudioVersion = 16.0.31624.102
MinimumVisualStudioVersion = 10.0.40219.1
Project("{FAE04EC0-301F-11D3-BF4B-00C04F79EFBC}") = "ScreenRelics", "ScreenRelics\ScreenRelics.csproj", "{01786688-3E6B-446C-9423-C6F841DFB62B}"
EndProject
Project("{FAE04EC0-301F-11D3-BF4B-00C04F79EFBC}") = "SilverScreenRelics.Data", "SilverScreenRelics.Data\SilverScreenRelics.Data.csproj", "{B599D9C2-93CF-4C0A-8B39-7858384308F8}"
EndProject
Project("{FAE04EC0-301F-11D3-BF4B-00C04F79EFBC}") = "SilverScreenRelics.Models", "SilverScreenRelics.Models\SilverScreenRelics.Models.csproj", "{A5BCF911-6F1A-40E4-82D1-004B312C2EB0}"
EndProject
Project("{FAE04EC0-301F-11D3-BF4B-00C04F79EFBC}") = "SilverScreenRelics.Services", "SilverScreenRelics.Services\SilverScreenRelics.Services.csproj", "{21980147-D77C-424F-AE92-A3A96D205E25}"
EndProject
Project("{FAE04EC0-301F-11D3-BF4B-00C04F79EFBC}") = "SilverScreenRelics.Contracts", "SilverScreenRelics.Contracts\SilverScreenRelics.Contracts.csproj", "{B8C4B112-8784-4F8B-AB1D-6A5F79E67790}"
EndProject
Global
	GlobalSection(SolutionConfigurationPlatforms) = preSolution
		Debug|Any CPU = Debug|Any CPU
		Release|Any CPU = Release|Any CPU
	EndGlobalSection
	GlobalSection(ProjectConfigurationPlatforms) = postSolution
		{01786688-3E6B-446C-9423-C6F841DFB62B}.Debug|Any CPU.ActiveCfg = Debug|Any CPU
		{01786688-3E6B-446C-9423-C6F841DFB62B}.Debug|Any CPU.Build.0 = Debug|Any CPU
		{01786688-3E6B-446C-9423-C6F841DFB62B}.Release|Any CPU.ActiveCfg = Release|Any CPU
		{01786688-3E6B-446C-9423-C6F841DFB62B}.Release|Any CPU.Build.0 = Release|Any CPU
		{B599D9C2-93CF-4C0A-8B39-7858384308F8}.Debug|Any CPU.ActiveCfg = Debug|Any CPU
		{B599D9C2-93CF-4C0A-8B39-7858384308F8}.Debug|Any CPU.Build.0 = Debug|Any CPU
		{B599D9C2-93CF-4C0A-8B39-7858384308F8}.Release|Any CPU.ActiveCfg = Release|Any CPU
		{B599D9C2-93CF-4C0A-8B39-7858384308F8}.Release|Any CPU.Build.0 = Release|Any CPU
		{A5BCF911-6F1A-40E4-82D1-004B312C2EB0}.Debug|Any CPU.ActiveCfg = Debug|Any CPU
		{A5BCF911-6F1A-40E4-82D1-004B312C2EB0}.Debug|Any CPU.Build.0 = Debug|Any CPU
		{A5BCF911-6F1A-40E4-82D1-004B312C2EB0}.Release|Any CPU.ActiveCfg = Release|Any CPU
		{A5BCF911-6F1A-40E4-82D1-004B312C2EB0}.Release|Any CPU.Build.0 = Release|Any CPU
		{21980147-D77C-424F-AE92-A3A96D205E25}.Debug|Any CPU.ActiveCfg = Debug|Any CPU
		{21980147-D77C-424F-AE92-A3A96D205E25}.Debug|Any CPU.Build.0 = Debug|Any CPU
		{21980147-D77C-424F-AE92-A3A96D205E25}.Release|Any CPU.ActiveCfg = Release|Any CPU
		{21980147-D77C-424F-AE92-A3A96D205E25}.Release|Any CPU.Build.0 = Release|Any CPU
		{B8C4B112-8784-4F8B-AB1D-6A5F79E67790}.Debug|Any CPU.ActiveCfg = Debug|Any CPU
		{B8C4B112-8784-4F8B-AB1D-6A5F79E67790}.Debug|Any CPU.Build.0 = Debug|Any CPU
		{B8C4B112-8784-4F8B-AB1D-6A5F79E67790}.Release|Any CPU.ActiveCfg = Release|Any CPU
		{B8C4B112-8784-4F8B-AB1D-6A5F79E67790}.Release|Any CPU.Build.0 = Release|Any CPU
	EndGlobalSection
	GlobalSection(SolutionProperties) = preSolution
		HideSolutionNode = FALSE
	EndGlobalSection
	GlobalSection(ExtensibilityGlobals) = postSolution
		SolutionGuid = {D71C24FB-D822-4251-8B6C-FD214E3BC0E0}
	EndGlobalSection
EndGlobal
